
Microsoft Visual Studio Solution File, Format Version 12.00
# Visual Studio 15
VisualStudioVersion = 15.0.26124.0
MinimumVisualStudioVersion = 15.0.26124.0
Project("{FAE04EC0-301F-11D3-BF4B-00C04F79EFBC}") = "Pentagon.Extensions.Authorization", "src\Pentagon.Extensions.Authorization\Pentagon.Extensions.Authorization.csproj", "{37AAE030-964D-4B5D-93B3-8B643C467D5F}"
EndProject
Global
	GlobalSection(SolutionConfigurationPlatforms) = preSolution
		Debug|Any CPU = Debug|Any CPU
		Debug|x64 = Debug|x64
		Debug|x86 = Debug|x86
		Release|Any CPU = Release|Any CPU
		Release|x64 = Release|x64
		Release|x86 = Release|x86
	EndGlobalSection
	GlobalSection(ProjectConfigurationPlatforms) = postSolution
		{37AAE030-964D-4B5D-93B3-8B643C467D5F}.Debug|Any CPU.ActiveCfg = Debug|Any CPU
		{37AAE030-964D-4B5D-93B3-8B643C467D5F}.Debug|Any CPU.Build.0 = Debug|Any CPU
		{37AAE030-964D-4B5D-93B3-8B643C467D5F}.Debug|x64.ActiveCfg = Debug|Any CPU
		{37AAE030-964D-4B5D-93B3-8B643C467D5F}.Debug|x64.Build.0 = Debug|Any CPU
		{37AAE030-964D-4B5D-93B3-8B643C467D5F}.Debug|x86.ActiveCfg = Debug|Any CPU
		{37AAE030-964D-4B5D-93B3-8B643C467D5F}.Debug|x86.Build.0 = Debug|Any CPU
		{37AAE030-964D-4B5D-93B3-8B643C467D5F}.Release|Any CPU.ActiveCfg = Release|Any CPU
		{37AAE030-964D-4B5D-93B3-8B643C467D5F}.Release|Any CPU.Build.0 = Release|Any CPU
		{37AAE030-964D-4B5D-93B3-8B643C467D5F}.Release|x64.ActiveCfg = Release|Any CPU
		{37AAE030-964D-4B5D-93B3-8B643C467D5F}.Release|x64.Build.0 = Release|Any CPU
		{37AAE030-964D-4B5D-93B3-8B643C467D5F}.Release|x86.ActiveCfg = Release|Any CPU
		{37AAE030-964D-4B5D-93B3-8B643C467D5F}.Release|x86.Build.0 = Release|Any CPU
	EndGlobalSection
	GlobalSection(SolutionProperties) = preSolution
		HideSolutionNode = FALSE
	EndGlobalSection
	GlobalSection(ExtensibilityGlobals) = postSolution
		SolutionGuid = {29CA42F9-8C9F-4CD3-A6F3-05F0088C8251}
	EndGlobalSection
EndGlobal
